
Microsoft Visual Studio Solution File, Format Version 12.00
# Visual Studio Version 17
VisualStudioVersion = 17.4.33110.190
MinimumVisualStudioVersion = 10.0.40219.1
Project("{FAE04EC0-301F-11D3-BF4B-00C04F79EFBC}") = "UC2_FindFrequencyParaHashtable", "UC2_FindFrequencyParaHashtable.csproj", "{E2C2E485-1376-40D5-AC5F-27F0EC6C84A8}"
EndProject
Global
	GlobalSection(SolutionConfigurationPlatforms) = preSolution
		Debug|Any CPU = Debug|Any CPU
		Release|Any CPU = Release|Any CPU
	EndGlobalSection
	GlobalSection(ProjectConfigurationPlatforms) = postSolution
		{E2C2E485-1376-40D5-AC5F-27F0EC6C84A8}.Debug|Any CPU.ActiveCfg = Debug|Any CPU
		{E2C2E485-1376-40D5-AC5F-27F0EC6C84A8}.Debug|Any CPU.Build.0 = Debug|Any CPU
		{E2C2E485-1376-40D5-AC5F-27F0EC6C84A8}.Release|Any CPU.ActiveCfg = Release|Any CPU
		{E2C2E485-1376-40D5-AC5F-27F0EC6C84A8}.Release|Any CPU.Build.0 = Release|Any CPU
	EndGlobalSection
	GlobalSection(SolutionProperties) = preSolution
		HideSolutionNode = FALSE
	EndGlobalSection
	GlobalSection(ExtensibilityGlobals) = postSolution
		SolutionGuid = {9422A78F-0A06-47D3-AF11-39F6532FD293}
	EndGlobalSection
EndGlobal
