
Microsoft Visual Studio Solution File, Format Version 12.00
# Visual Studio Version 17
VisualStudioVersion = 17.4.33110.190
MinimumVisualStudioVersion = 10.0.40219.1
Project("{FAE04EC0-301F-11D3-BF4B-00C04F79EFBC}") = "UC1_HashTable", "UC1_HashTable.csproj", "{EEE402CC-440D-4BFE-A0BD-3CBC0397E3EB}"
EndProject
Global
	GlobalSection(SolutionConfigurationPlatforms) = preSolution
		Debug|Any CPU = Debug|Any CPU
		Release|Any CPU = Release|Any CPU
	EndGlobalSection
	GlobalSection(ProjectConfigurationPlatforms) = postSolution
		{EEE402CC-440D-4BFE-A0BD-3CBC0397E3EB}.Debug|Any CPU.ActiveCfg = Debug|Any CPU
		{EEE402CC-440D-4BFE-A0BD-3CBC0397E3EB}.Debug|Any CPU.Build.0 = Debug|Any CPU
		{EEE402CC-440D-4BFE-A0BD-3CBC0397E3EB}.Release|Any CPU.ActiveCfg = Release|Any CPU
		{EEE402CC-440D-4BFE-A0BD-3CBC0397E3EB}.Release|Any CPU.Build.0 = Release|Any CPU
	EndGlobalSection
	GlobalSection(SolutionProperties) = preSolution
		HideSolutionNode = FALSE
	EndGlobalSection
	GlobalSection(ExtensibilityGlobals) = postSolution
		SolutionGuid = {538D91E9-E903-4A36-A9C7-84EE720CC53A}
	EndGlobalSection
EndGlobal
